
Microsoft Visual Studio Solution File, Format Version 12.00
# Visual Studio Version 16
VisualStudioVersion = 16.0.30114.105
MinimumVisualStudioVersion = 10.0.40219.1
Project("{8BC9CEB8-8B4A-11D0-8D11-00A0C91BC942}") = "OOP7", "OOP7\OOP7.vcxproj", "{1EC10FFC-24CD-48FF-B372-029720C216EE}"
EndProject
Project("{FAE04EC0-301F-11D3-BF4B-00C04F79EFBC}") = "OOP7cs", "OOP7cs\OOP7cs.csproj", "{62D799B4-9B95-46BE-BE16-95122A754CAA}"
EndProject
Global
	GlobalSection(SolutionConfigurationPlatforms) = preSolution
		Debug|Any CPU = Debug|Any CPU
		Debug|x64 = Debug|x64
		Debug|x86 = Debug|x86
		Release|Any CPU = Release|Any CPU
		Release|x64 = Release|x64
		Release|x86 = Release|x86
	EndGlobalSection
	GlobalSection(ProjectConfigurationPlatforms) = postSolution
		{1EC10FFC-24CD-48FF-B372-029720C216EE}.Debug|Any CPU.ActiveCfg = Debug|Win32
		{1EC10FFC-24CD-48FF-B372-029720C216EE}.Debug|x64.ActiveCfg = Debug|x64
		{1EC10FFC-24CD-48FF-B372-029720C216EE}.Debug|x64.Build.0 = Debug|x64
		{1EC10FFC-24CD-48FF-B372-029720C216EE}.Debug|x86.ActiveCfg = Debug|Win32
		{1EC10FFC-24CD-48FF-B372-029720C216EE}.Debug|x86.Build.0 = Debug|Win32
		{1EC10FFC-24CD-48FF-B372-029720C216EE}.Release|Any CPU.ActiveCfg = Release|Win32
		{1EC10FFC-24CD-48FF-B372-029720C216EE}.Release|x64.ActiveCfg = Release|x64
		{1EC10FFC-24CD-48FF-B372-029720C216EE}.Release|x64.Build.0 = Release|x64
		{1EC10FFC-24CD-48FF-B372-029720C216EE}.Release|x86.ActiveCfg = Release|Win32
		{1EC10FFC-24CD-48FF-B372-029720C216EE}.Release|x86.Build.0 = Release|Win32
		{62D799B4-9B95-46BE-BE16-95122A754CAA}.Debug|Any CPU.ActiveCfg = Debug|Any CPU
		{62D799B4-9B95-46BE-BE16-95122A754CAA}.Debug|Any CPU.Build.0 = Debug|Any CPU
		{62D799B4-9B95-46BE-BE16-95122A754CAA}.Debug|x64.ActiveCfg = Debug|Any CPU
		{62D799B4-9B95-46BE-BE16-95122A754CAA}.Debug|x64.Build.0 = Debug|Any CPU
		{62D799B4-9B95-46BE-BE16-95122A754CAA}.Debug|x86.ActiveCfg = Debug|Any CPU
		{62D799B4-9B95-46BE-BE16-95122A754CAA}.Debug|x86.Build.0 = Debug|Any CPU
		{62D799B4-9B95-46BE-BE16-95122A754CAA}.Release|Any CPU.ActiveCfg = Release|Any CPU
		{62D799B4-9B95-46BE-BE16-95122A754CAA}.Release|Any CPU.Build.0 = Release|Any CPU
		{62D799B4-9B95-46BE-BE16-95122A754CAA}.Release|x64.ActiveCfg = Release|Any CPU
		{62D799B4-9B95-46BE-BE16-95122A754CAA}.Release|x64.Build.0 = Release|Any CPU
		{62D799B4-9B95-46BE-BE16-95122A754CAA}.Release|x86.ActiveCfg = Release|Any CPU
		{62D799B4-9B95-46BE-BE16-95122A754CAA}.Release|x86.Build.0 = Release|Any CPU
	EndGlobalSection
	GlobalSection(SolutionProperties) = preSolution
		HideSolutionNode = FALSE
	EndGlobalSection
	GlobalSection(ExtensibilityGlobals) = postSolution
		SolutionGuid = {C4AAC701-500B-43A9-B276-A7250E3DB0C9}
	EndGlobalSection
EndGlobal
