
Microsoft Visual Studio Solution File, Format Version 12.00
# Visual Studio Version 16
VisualStudioVersion = 16.0.29519.87
MinimumVisualStudioVersion = 10.0.40219.1
Project("{8BC9CEB8-8B4A-11D0-8D11-00A0C91BC942}") = "OOP2", "OOP2\OOP2.vcxproj", "{5EA2A5FF-802A-460A-9289-A6F52811DBB0}"
EndProject
Project("{9A19103F-16F7-4668-BE54-9A1E7A4F7556}") = "OOP2S", "OOP2S\OOP2S.csproj", "{BC85CE45-A0F9-444B-A163-771E300BC2BB}"
EndProject
Project("{FAE04EC0-301F-11D3-BF4B-00C04F79EFBC}") = "PersonDLL", "PersonDLL\PersonDLL.csproj", "{016725A4-14BF-406A-9CBC-F9AAA0A4370C}"
EndProject
Project("{8BC9CEB8-8B4A-11D0-8D11-00A0C91BC942}") = "PersonSLLpp", "PersonSLLpp\PersonSLLpp.vcxproj", "{B839C0A1-AB48-4A38-B0E5-FFAF1BE1E8FA}"
EndProject
Global
	GlobalSection(SolutionConfigurationPlatforms) = preSolution
		Debug|Any CPU = Debug|Any CPU
		Debug|x64 = Debug|x64
		Debug|x86 = Debug|x86
		Release|Any CPU = Release|Any CPU
		Release|x64 = Release|x64
		Release|x86 = Release|x86
	EndGlobalSection
	GlobalSection(ProjectConfigurationPlatforms) = postSolution
		{5EA2A5FF-802A-460A-9289-A6F52811DBB0}.Debug|Any CPU.ActiveCfg = Debug|Win32
		{5EA2A5FF-802A-460A-9289-A6F52811DBB0}.Debug|x64.ActiveCfg = Debug|x64
		{5EA2A5FF-802A-460A-9289-A6F52811DBB0}.Debug|x64.Build.0 = Debug|x64
		{5EA2A5FF-802A-460A-9289-A6F52811DBB0}.Debug|x86.ActiveCfg = Debug|Win32
		{5EA2A5FF-802A-460A-9289-A6F52811DBB0}.Debug|x86.Build.0 = Debug|Win32
		{5EA2A5FF-802A-460A-9289-A6F52811DBB0}.Release|Any CPU.ActiveCfg = Release|Win32
		{5EA2A5FF-802A-460A-9289-A6F52811DBB0}.Release|x64.ActiveCfg = Release|x64
		{5EA2A5FF-802A-460A-9289-A6F52811DBB0}.Release|x64.Build.0 = Release|x64
		{5EA2A5FF-802A-460A-9289-A6F52811DBB0}.Release|x86.ActiveCfg = Release|Win32
		{5EA2A5FF-802A-460A-9289-A6F52811DBB0}.Release|x86.Build.0 = Release|Win32
		{BC85CE45-A0F9-444B-A163-771E300BC2BB}.Debug|Any CPU.ActiveCfg = Debug|Any CPU
		{BC85CE45-A0F9-444B-A163-771E300BC2BB}.Debug|Any CPU.Build.0 = Debug|Any CPU
		{BC85CE45-A0F9-444B-A163-771E300BC2BB}.Debug|x64.ActiveCfg = Debug|Any CPU
		{BC85CE45-A0F9-444B-A163-771E300BC2BB}.Debug|x64.Build.0 = Debug|Any CPU
		{BC85CE45-A0F9-444B-A163-771E300BC2BB}.Debug|x86.ActiveCfg = Debug|Any CPU
		{BC85CE45-A0F9-444B-A163-771E300BC2BB}.Debug|x86.Build.0 = Debug|Any CPU
		{BC85CE45-A0F9-444B-A163-771E300BC2BB}.Release|Any CPU.ActiveCfg = Release|Any CPU
		{BC85CE45-A0F9-444B-A163-771E300BC2BB}.Release|Any CPU.Build.0 = Release|Any CPU
		{BC85CE45-A0F9-444B-A163-771E300BC2BB}.Release|x64.ActiveCfg = Release|Any CPU
		{BC85CE45-A0F9-444B-A163-771E300BC2BB}.Release|x64.Build.0 = Release|Any CPU
		{BC85CE45-A0F9-444B-A163-771E300BC2BB}.Release|x86.ActiveCfg = Release|Any CPU
		{BC85CE45-A0F9-444B-A163-771E300BC2BB}.Release|x86.Build.0 = Release|Any CPU
		{016725A4-14BF-406A-9CBC-F9AAA0A4370C}.Debug|Any CPU.ActiveCfg = Debug|Any CPU
		{016725A4-14BF-406A-9CBC-F9AAA0A4370C}.Debug|Any CPU.Build.0 = Debug|Any CPU
		{016725A4-14BF-406A-9CBC-F9AAA0A4370C}.Debug|x64.ActiveCfg = Debug|Any CPU
		{016725A4-14BF-406A-9CBC-F9AAA0A4370C}.Debug|x64.Build.0 = Debug|Any CPU
		{016725A4-14BF-406A-9CBC-F9AAA0A4370C}.Debug|x86.ActiveCfg = Debug|Any CPU
		{016725A4-14BF-406A-9CBC-F9AAA0A4370C}.Debug|x86.Build.0 = Debug|Any CPU
		{016725A4-14BF-406A-9CBC-F9AAA0A4370C}.Release|Any CPU.ActiveCfg = Release|Any CPU
		{016725A4-14BF-406A-9CBC-F9AAA0A4370C}.Release|Any CPU.Build.0 = Release|Any CPU
		{016725A4-14BF-406A-9CBC-F9AAA0A4370C}.Release|x64.ActiveCfg = Release|Any CPU
		{016725A4-14BF-406A-9CBC-F9AAA0A4370C}.Release|x64.Build.0 = Release|Any CPU
		{016725A4-14BF-406A-9CBC-F9AAA0A4370C}.Release|x86.ActiveCfg = Release|Any CPU
		{016725A4-14BF-406A-9CBC-F9AAA0A4370C}.Release|x86.Build.0 = Release|Any CPU
		{B839C0A1-AB48-4A38-B0E5-FFAF1BE1E8FA}.Debug|Any CPU.ActiveCfg = Debug|Win32
		{B839C0A1-AB48-4A38-B0E5-FFAF1BE1E8FA}.Debug|x64.ActiveCfg = Debug|x64
		{B839C0A1-AB48-4A38-B0E5-FFAF1BE1E8FA}.Debug|x64.Build.0 = Debug|x64
		{B839C0A1-AB48-4A38-B0E5-FFAF1BE1E8FA}.Debug|x86.ActiveCfg = Debug|Win32
		{B839C0A1-AB48-4A38-B0E5-FFAF1BE1E8FA}.Debug|x86.Build.0 = Debug|Win32
		{B839C0A1-AB48-4A38-B0E5-FFAF1BE1E8FA}.Release|Any CPU.ActiveCfg = Release|Win32
		{B839C0A1-AB48-4A38-B0E5-FFAF1BE1E8FA}.Release|x64.ActiveCfg = Release|x64
		{B839C0A1-AB48-4A38-B0E5-FFAF1BE1E8FA}.Release|x64.Build.0 = Release|x64
		{B839C0A1-AB48-4A38-B0E5-FFAF1BE1E8FA}.Release|x86.ActiveCfg = Release|Win32
		{B839C0A1-AB48-4A38-B0E5-FFAF1BE1E8FA}.Release|x86.Build.0 = Release|Win32
	EndGlobalSection
	GlobalSection(SolutionProperties) = preSolution
		HideSolutionNode = FALSE
	EndGlobalSection
	GlobalSection(ExtensibilityGlobals) = postSolution
		SolutionGuid = {9066117C-6D91-439E-B36B-A622A120B504}
	EndGlobalSection
EndGlobal
