
Microsoft Visual Studio Solution File, Format Version 12.00
# Visual Studio Version 16
VisualStudioVersion = 16.0.29728.190
MinimumVisualStudioVersion = 10.0.40219.1
Project("{8BC9CEB8-8B4A-11D0-8D11-00A0C91BC942}") = "BityOper", "BityOper\BityOper.vcxproj", "{22FA69CD-52B5-48F4-8462-2B3188869649}"
EndProject
Project("{FAE04EC0-301F-11D3-BF4B-00C04F79EFBC}") = "BityOpCS", "BityOpCS\BityOpCS.csproj", "{2520EB03-7E5E-4B2F-ACFD-517A07F97A43}"
EndProject
Global
	GlobalSection(SolutionConfigurationPlatforms) = preSolution
		Debug|Any CPU = Debug|Any CPU
		Debug|x64 = Debug|x64
		Debug|x86 = Debug|x86
		Release|Any CPU = Release|Any CPU
		Release|x64 = Release|x64
		Release|x86 = Release|x86
	EndGlobalSection
	GlobalSection(ProjectConfigurationPlatforms) = postSolution
		{22FA69CD-52B5-48F4-8462-2B3188869649}.Debug|Any CPU.ActiveCfg = Debug|Win32
		{22FA69CD-52B5-48F4-8462-2B3188869649}.Debug|x64.ActiveCfg = Debug|x64
		{22FA69CD-52B5-48F4-8462-2B3188869649}.Debug|x64.Build.0 = Debug|x64
		{22FA69CD-52B5-48F4-8462-2B3188869649}.Debug|x86.ActiveCfg = Debug|Win32
		{22FA69CD-52B5-48F4-8462-2B3188869649}.Debug|x86.Build.0 = Debug|Win32
		{22FA69CD-52B5-48F4-8462-2B3188869649}.Release|Any CPU.ActiveCfg = Release|Win32
		{22FA69CD-52B5-48F4-8462-2B3188869649}.Release|x64.ActiveCfg = Release|x64
		{22FA69CD-52B5-48F4-8462-2B3188869649}.Release|x64.Build.0 = Release|x64
		{22FA69CD-52B5-48F4-8462-2B3188869649}.Release|x86.ActiveCfg = Release|Win32
		{22FA69CD-52B5-48F4-8462-2B3188869649}.Release|x86.Build.0 = Release|Win32
		{2520EB03-7E5E-4B2F-ACFD-517A07F97A43}.Debug|Any CPU.ActiveCfg = Debug|Any CPU
		{2520EB03-7E5E-4B2F-ACFD-517A07F97A43}.Debug|Any CPU.Build.0 = Debug|Any CPU
		{2520EB03-7E5E-4B2F-ACFD-517A07F97A43}.Debug|x64.ActiveCfg = Debug|Any CPU
		{2520EB03-7E5E-4B2F-ACFD-517A07F97A43}.Debug|x64.Build.0 = Debug|Any CPU
		{2520EB03-7E5E-4B2F-ACFD-517A07F97A43}.Debug|x86.ActiveCfg = Debug|Any CPU
		{2520EB03-7E5E-4B2F-ACFD-517A07F97A43}.Debug|x86.Build.0 = Debug|Any CPU
		{2520EB03-7E5E-4B2F-ACFD-517A07F97A43}.Release|Any CPU.ActiveCfg = Release|Any CPU
		{2520EB03-7E5E-4B2F-ACFD-517A07F97A43}.Release|Any CPU.Build.0 = Release|Any CPU
		{2520EB03-7E5E-4B2F-ACFD-517A07F97A43}.Release|x64.ActiveCfg = Release|Any CPU
		{2520EB03-7E5E-4B2F-ACFD-517A07F97A43}.Release|x64.Build.0 = Release|Any CPU
		{2520EB03-7E5E-4B2F-ACFD-517A07F97A43}.Release|x86.ActiveCfg = Release|Any CPU
		{2520EB03-7E5E-4B2F-ACFD-517A07F97A43}.Release|x86.Build.0 = Release|Any CPU
	EndGlobalSection
	GlobalSection(SolutionProperties) = preSolution
		HideSolutionNode = FALSE
	EndGlobalSection
	GlobalSection(ExtensibilityGlobals) = postSolution
		SolutionGuid = {72F4B060-BD9C-4FD1-8584-3F56019DC41A}
	EndGlobalSection
EndGlobal
